
Microsoft Visual Studio Solution File, Format Version 12.00
# Visual Studio Version 17
VisualStudioVersion = 17.12.35707.178 d17.12
MinimumVisualStudioVersion = 10.0.40219.1
Project("{2150E333-8FDC-42A3-9474-1A3956D46DE8}") = "src", "src", "{9C50D43B-55E5-4C35-92E4-4E33085673D6}"
EndProject
Project("{FAE04EC0-301F-11D3-BF4B-00C04F79EFBC}") = "eMarket.Domain", "Domain\eMarket.Domain.csproj", "{9CAAEAE9-784A-49F1-9572-4D9F59FB2C41}"
EndProject
Project("{FAE04EC0-301F-11D3-BF4B-00C04F79EFBC}") = "eMarket.Application", "Application\eMarket.Application.csproj", "{C7355E1D-1198-4B84-ADEA-862F8ABA8565}"
EndProject
Project("{FAE04EC0-301F-11D3-BF4B-00C04F79EFBC}") = "eMarket.Infrastructure", "Infrastructure\eMarket.Infrastructure.csproj", "{2A246D70-59E5-40AE-88D6-5FB80726B7FE}"
EndProject
Project("{FAE04EC0-301F-11D3-BF4B-00C04F79EFBC}") = "eMarket.Persistence", "Persistence\eMarket.Persistence.csproj", "{99BB5E0E-F328-4325-A115-C25B16CE4C5B}"
EndProject
Project("{2150E333-8FDC-42A3-9474-1A3956D46DE8}") = "Core", "Core", "{598C026D-8B9A-4519-9E6A-FE947820171D}"
EndProject
Project("{2150E333-8FDC-42A3-9474-1A3956D46DE8}") = "Infrastructure", "Infrastructure", "{537E590D-05F5-43A7-967E-6D179E57828D}"
EndProject
Project("{FAE04EC0-301F-11D3-BF4B-00C04F79EFBC}") = "eMarket.WebApi", "eMarket.WebApi\eMarket.WebApi.csproj", "{461C6024-3DED-44E1-B591-900E1F5B6246}"
EndProject
Project("{2150E333-8FDC-42A3-9474-1A3956D46DE8}") = "Presentation", "Presentation", "{0BA2246B-DA5C-423F-AEEC-7C58EC22EAF8}"
EndProject
Global
	GlobalSection(SolutionConfigurationPlatforms) = preSolution
		Debug|Any CPU = Debug|Any CPU
		Release|Any CPU = Release|Any CPU
	EndGlobalSection
	GlobalSection(ProjectConfigurationPlatforms) = postSolution
		{9CAAEAE9-784A-49F1-9572-4D9F59FB2C41}.Debug|Any CPU.ActiveCfg = Debug|Any CPU
		{9CAAEAE9-784A-49F1-9572-4D9F59FB2C41}.Debug|Any CPU.Build.0 = Debug|Any CPU
		{9CAAEAE9-784A-49F1-9572-4D9F59FB2C41}.Release|Any CPU.ActiveCfg = Release|Any CPU
		{9CAAEAE9-784A-49F1-9572-4D9F59FB2C41}.Release|Any CPU.Build.0 = Release|Any CPU
		{C7355E1D-1198-4B84-ADEA-862F8ABA8565}.Debug|Any CPU.ActiveCfg = Debug|Any CPU
		{C7355E1D-1198-4B84-ADEA-862F8ABA8565}.Debug|Any CPU.Build.0 = Debug|Any CPU
		{C7355E1D-1198-4B84-ADEA-862F8ABA8565}.Release|Any CPU.ActiveCfg = Release|Any CPU
		{C7355E1D-1198-4B84-ADEA-862F8ABA8565}.Release|Any CPU.Build.0 = Release|Any CPU
		{2A246D70-59E5-40AE-88D6-5FB80726B7FE}.Debug|Any CPU.ActiveCfg = Debug|Any CPU
		{2A246D70-59E5-40AE-88D6-5FB80726B7FE}.Debug|Any CPU.Build.0 = Debug|Any CPU
		{2A246D70-59E5-40AE-88D6-5FB80726B7FE}.Release|Any CPU.ActiveCfg = Release|Any CPU
		{2A246D70-59E5-40AE-88D6-5FB80726B7FE}.Release|Any CPU.Build.0 = Release|Any CPU
		{99BB5E0E-F328-4325-A115-C25B16CE4C5B}.Debug|Any CPU.ActiveCfg = Debug|Any CPU
		{99BB5E0E-F328-4325-A115-C25B16CE4C5B}.Debug|Any CPU.Build.0 = Debug|Any CPU
		{99BB5E0E-F328-4325-A115-C25B16CE4C5B}.Release|Any CPU.ActiveCfg = Release|Any CPU
		{99BB5E0E-F328-4325-A115-C25B16CE4C5B}.Release|Any CPU.Build.0 = Release|Any CPU
		{461C6024-3DED-44E1-B591-900E1F5B6246}.Debug|Any CPU.ActiveCfg = Debug|Any CPU
		{461C6024-3DED-44E1-B591-900E1F5B6246}.Debug|Any CPU.Build.0 = Debug|Any CPU
		{461C6024-3DED-44E1-B591-900E1F5B6246}.Release|Any CPU.ActiveCfg = Release|Any CPU
		{461C6024-3DED-44E1-B591-900E1F5B6246}.Release|Any CPU.Build.0 = Release|Any CPU
	EndGlobalSection
	GlobalSection(SolutionProperties) = preSolution
		HideSolutionNode = FALSE
	EndGlobalSection
	GlobalSection(NestedProjects) = preSolution
		{9CAAEAE9-784A-49F1-9572-4D9F59FB2C41} = {598C026D-8B9A-4519-9E6A-FE947820171D}
		{C7355E1D-1198-4B84-ADEA-862F8ABA8565} = {598C026D-8B9A-4519-9E6A-FE947820171D}
		{2A246D70-59E5-40AE-88D6-5FB80726B7FE} = {537E590D-05F5-43A7-967E-6D179E57828D}
		{99BB5E0E-F328-4325-A115-C25B16CE4C5B} = {537E590D-05F5-43A7-967E-6D179E57828D}
		{598C026D-8B9A-4519-9E6A-FE947820171D} = {9C50D43B-55E5-4C35-92E4-4E33085673D6}
		{537E590D-05F5-43A7-967E-6D179E57828D} = {9C50D43B-55E5-4C35-92E4-4E33085673D6}
		{0BA2246B-DA5C-423F-AEEC-7C58EC22EAF8} = {9C50D43B-55E5-4C35-92E4-4E33085673D6}
		{461C6024-3DED-44E1-B591-900E1F5B6246} = {0BA2246B-DA5C-423F-AEEC-7C58EC22EAF8}
	EndGlobalSection
EndGlobal
